
Microsoft Visual Studio Solution File, Format Version 12.00
Project("{FAE04EC0-301F-11D3-BF4B-00C04F79EFBC}") = "week8", "week8\week8.csproj", "{78283646-DCCE-45A0-8679-1A2B0C98650A}"
EndProject
Global
	GlobalSection(SolutionConfigurationPlatforms) = preSolution
		Debug|Any CPU = Debug|Any CPU
		Release|Any CPU = Release|Any CPU
	EndGlobalSection
	GlobalSection(ProjectConfigurationPlatforms) = postSolution
		{78283646-DCCE-45A0-8679-1A2B0C98650A}.Debug|Any CPU.ActiveCfg = Debug|Any CPU
		{78283646-DCCE-45A0-8679-1A2B0C98650A}.Debug|Any CPU.Build.0 = Debug|Any CPU
		{78283646-DCCE-45A0-8679-1A2B0C98650A}.Release|Any CPU.ActiveCfg = Release|Any CPU
		{78283646-DCCE-45A0-8679-1A2B0C98650A}.Release|Any CPU.Build.0 = Release|Any CPU
	EndGlobalSection
EndGlobal
